
Microsoft Visual Studio Solution File, Format Version 12.00
# Visual Studio Version 17
VisualStudioVersion = 17.8.34322.80
MinimumVisualStudioVersion = 10.0.40219.1
Project("{FAE04EC0-301F-11D3-BF4B-00C04F79EFBC}") = "Programa-2-ITLA", "Programa-2-ITLA\Programa-2-ITLA.csproj", "{FB6606AB-F07B-414A-A7FD-8D0482D0C8BC}"
EndProject
Global
	GlobalSection(SolutionConfigurationPlatforms) = preSolution
		Debug|Any CPU = Debug|Any CPU
		Release|Any CPU = Release|Any CPU
	EndGlobalSection
	GlobalSection(ProjectConfigurationPlatforms) = postSolution
		{FB6606AB-F07B-414A-A7FD-8D0482D0C8BC}.Debug|Any CPU.ActiveCfg = Debug|Any CPU
		{FB6606AB-F07B-414A-A7FD-8D0482D0C8BC}.Debug|Any CPU.Build.0 = Debug|Any CPU
		{FB6606AB-F07B-414A-A7FD-8D0482D0C8BC}.Release|Any CPU.ActiveCfg = Release|Any CPU
		{FB6606AB-F07B-414A-A7FD-8D0482D0C8BC}.Release|Any CPU.Build.0 = Release|Any CPU
	EndGlobalSection
	GlobalSection(SolutionProperties) = preSolution
		HideSolutionNode = FALSE
	EndGlobalSection
	GlobalSection(ExtensibilityGlobals) = postSolution
		SolutionGuid = {FFDADD74-82B7-47E7-B1D8-4A54F3388C95}
	EndGlobalSection
EndGlobal
